
Microsoft Visual Studio Solution File, Format Version 12.00
# Visual Studio Version 17
VisualStudioVersion = 17.9.34622.214
MinimumVisualStudioVersion = 10.0.40219.1
Project("{FAE04EC0-301F-11D3-BF4B-00C04F79EFBC}") = "Online Office Boy", "Online Office Boy\Online Office Boy.csproj", "{3E7E7A2A-E991-44DC-9F77-3CEBE433FE6C}"
EndProject
Project("{FAE04EC0-301F-11D3-BF4B-00C04F79EFBC}") = "Domain", "Domain\Domain.csproj", "{CDFF9F4B-C1C9-4092-865B-9721CD510706}"
EndProject
Project("{FAE04EC0-301F-11D3-BF4B-00C04F79EFBC}") = "Infrastructure", "Infrastructure\Infrastructure.csproj", "{6B015294-155A-4F85-BF51-A4FDEC284D00}"
EndProject
Project("{FAE04EC0-301F-11D3-BF4B-00C04F79EFBC}") = "ApplicationService", "ApplicationService\ApplicationService.csproj", "{B7FDAE65-5209-4252-AFAF-62C8A0BC4F3D}"
EndProject
Global
	GlobalSection(SolutionConfigurationPlatforms) = preSolution
		Debug|Any CPU = Debug|Any CPU
		Release|Any CPU = Release|Any CPU
	EndGlobalSection
	GlobalSection(ProjectConfigurationPlatforms) = postSolution
		{3E7E7A2A-E991-44DC-9F77-3CEBE433FE6C}.Debug|Any CPU.ActiveCfg = Debug|Any CPU
		{3E7E7A2A-E991-44DC-9F77-3CEBE433FE6C}.Debug|Any CPU.Build.0 = Debug|Any CPU
		{3E7E7A2A-E991-44DC-9F77-3CEBE433FE6C}.Release|Any CPU.ActiveCfg = Release|Any CPU
		{3E7E7A2A-E991-44DC-9F77-3CEBE433FE6C}.Release|Any CPU.Build.0 = Release|Any CPU
		{CDFF9F4B-C1C9-4092-865B-9721CD510706}.Debug|Any CPU.ActiveCfg = Debug|Any CPU
		{CDFF9F4B-C1C9-4092-865B-9721CD510706}.Debug|Any CPU.Build.0 = Debug|Any CPU
		{CDFF9F4B-C1C9-4092-865B-9721CD510706}.Release|Any CPU.ActiveCfg = Release|Any CPU
		{CDFF9F4B-C1C9-4092-865B-9721CD510706}.Release|Any CPU.Build.0 = Release|Any CPU
		{6B015294-155A-4F85-BF51-A4FDEC284D00}.Debug|Any CPU.ActiveCfg = Debug|Any CPU
		{6B015294-155A-4F85-BF51-A4FDEC284D00}.Debug|Any CPU.Build.0 = Debug|Any CPU
		{6B015294-155A-4F85-BF51-A4FDEC284D00}.Release|Any CPU.ActiveCfg = Release|Any CPU
		{6B015294-155A-4F85-BF51-A4FDEC284D00}.Release|Any CPU.Build.0 = Release|Any CPU
		{B7FDAE65-5209-4252-AFAF-62C8A0BC4F3D}.Debug|Any CPU.ActiveCfg = Debug|Any CPU
		{B7FDAE65-5209-4252-AFAF-62C8A0BC4F3D}.Debug|Any CPU.Build.0 = Debug|Any CPU
		{B7FDAE65-5209-4252-AFAF-62C8A0BC4F3D}.Release|Any CPU.ActiveCfg = Release|Any CPU
		{B7FDAE65-5209-4252-AFAF-62C8A0BC4F3D}.Release|Any CPU.Build.0 = Release|Any CPU
	EndGlobalSection
	GlobalSection(SolutionProperties) = preSolution
		HideSolutionNode = FALSE
	EndGlobalSection
	GlobalSection(ExtensibilityGlobals) = postSolution
		SolutionGuid = {714A0327-61DB-4A89-B9BF-856FF6428E4E}
	EndGlobalSection
EndGlobal
